
Microsoft Visual Studio Solution File, Format Version 12.00
# Visual Studio 15
VisualStudioVersion = 15.0.27004.2009
MinimumVisualStudioVersion = 10.0.40219.1
Project("{FAE04EC0-301F-11D3-BF4B-00C04F79EFBC}") = "Questions", "Questions\Questions.csproj", "{A067A9B3-B4BF-42B6-A65F-123F3368C730}"
EndProject
Global
	GlobalSection(SolutionConfigurationPlatforms) = preSolution
		Debug|Any CPU = Debug|Any CPU
		Release|Any CPU = Release|Any CPU
	EndGlobalSection
	GlobalSection(ProjectConfigurationPlatforms) = postSolution
		{A067A9B3-B4BF-42B6-A65F-123F3368C730}.Debug|Any CPU.ActiveCfg = Debug|Any CPU
		{A067A9B3-B4BF-42B6-A65F-123F3368C730}.Debug|Any CPU.Build.0 = Debug|Any CPU
		{A067A9B3-B4BF-42B6-A65F-123F3368C730}.Release|Any CPU.ActiveCfg = Release|Any CPU
		{A067A9B3-B4BF-42B6-A65F-123F3368C730}.Release|Any CPU.Build.0 = Release|Any CPU
	EndGlobalSection
	GlobalSection(SolutionProperties) = preSolution
		HideSolutionNode = FALSE
	EndGlobalSection
	GlobalSection(ExtensibilityGlobals) = postSolution
		SolutionGuid = {B9D2389F-0ABC-4974-A025-77280E9C5184}
	EndGlobalSection
EndGlobal
